{
  "name": "globalAiHubProject",
  "lockfileVersion": 3,
  "requires": true,
  "packages": {
    "": {
      "dependencies": {
        "python": "^0.0.4"
      }
    },
    "node_modules/python": {
      "version": "0.0.4",
      "resolved": "https://registry.npmjs.org/python/-/python-0.0.4.tgz",
      "integrity": "sha512-7avKA/6XxrwcGSDes8xGn7FHAUdAUQXKHtpjDulyv5/nm7TcPblmPRvXjjwx5knWHqeRiipqH/TZR2HhmJ4CGQ==",
      "engines": {
        "node": ">= 0.4.1"
      }
    }
  }
}
